{
	"name": "scatterjs-plugin-eosjs2",
	"version": "1.0.0",
	"lockfileVersion": 1,
	"requires": true,
	"dependencies": {
		"@types/jest": {
			"version": "23.3.3",
			"resolved": "https://registry.npmjs.org/@types/jest/-/jest-23.3.3.tgz",
			"integrity": "sha512-G6EBrbjWDfmIpYu8UcRBOhwtDiYaLj5N5jUR5rx0YvbKxRBhXPZVLUmtfShewSUNKiQwpHavpML69a2WMbIlEQ=="
		},
		"babel-polyfill": {
			"version": "6.26.0",
			"resolved": "https://registry.npmjs.org/babel-polyfill/-/babel-polyfill-6.26.0.tgz",
			"integrity": "sha1-N5k3q8Z9eJWXCtxiHyhM2WbPIVM=",
			"requires": {
				"babel-runtime": "^6.26.0",
				"core-js": "^2.5.0",
				"regenerator-runtime": "^0.10.5"
			}
		},
		"babel-runtime": {
			"version": "6.26.0",
			"resolved": "https://registry.npmjs.org/babel-runtime/-/babel-runtime-6.26.0.tgz",
			"integrity": "sha1-llxwWGaOgrVde/4E/yM3vItWR/4=",
			"requires": {
				"core-js": "^2.4.0",
				"regenerator-runtime": "^0.11.0"
			},
			"dependencies": {
				"regenerator-runtime": {
					"version": "0.11.1",
					"resolved": "https://registry.npmjs.org/regenerator-runtime/-/regenerator-runtime-0.11.1.tgz",
					"integrity": "sha512-MguG95oij0fC3QV3URf4V2SDYGJhJnJGqvIIgdECeODCT98wSWDAJ94SSuVpYQUoTcGUIL6L4yNB7j1DFFHSBg=="
				}
			}
		},
		"base-x": {
			"version": "3.0.4",
			"resolved": "https://registry.npmjs.org/base-x/-/base-x-3.0.4.tgz",
			"integrity": "sha512-UYOadoSIkEI/VrRGSG6qp93rp2WdokiAiNYDfGW5qURAY8GiAQkvMbwNNSDYiVJopqv4gCna7xqf4rrNGp+5AA==",
			"requires": {
				"safe-buffer": "^5.0.1"
			}
		},
		"bigi": {
			"version": "1.4.2",
			"resolved": "https://registry.npmjs.org/bigi/-/bigi-1.4.2.tgz",
			"integrity": "sha1-nGZalfiLiwj8Bc/XMfVhhZ1yWCU="
		},
		"browserify-aes": {
			"version": "1.2.0",
			"resolved": "http://registry.npmjs.org/browserify-aes/-/browserify-aes-1.2.0.tgz",
			"integrity": "sha512-+7CHXqGuspUn/Sl5aO7Ea0xWGAtETPXNSAjHo48JfLdPWcMng33Xe4znFvQweqc/uzk5zSOI3H52CYnjCfb5hA==",
			"requires": {
				"buffer-xor": "^1.0.3",
				"cipher-base": "^1.0.0",
				"create-hash": "^1.1.0",
				"evp_bytestokey": "^1.0.3",
				"inherits": "^2.0.1",
				"safe-buffer": "^5.0.1"
			}
		},
		"bs58": {
			"version": "4.0.1",
			"resolved": "https://registry.npmjs.org/bs58/-/bs58-4.0.1.tgz",
			"integrity": "sha1-vhYedsNU9veIrkBx9j806MTwpCo=",
			"requires": {
				"base-x": "^3.0.2"
			}
		},
		"buffer-xor": {
			"version": "1.0.3",
			"resolved": "https://registry.npmjs.org/buffer-xor/-/buffer-xor-1.0.3.tgz",
			"integrity": "sha1-JuYe0UIvtw3ULm42cp7VHYVf6Nk="
		},
		"bytebuffer": {
			"version": "5.0.1",
			"resolved": "https://registry.npmjs.org/bytebuffer/-/bytebuffer-5.0.1.tgz",
			"integrity": "sha1-WC7qSxqHO20CCkjVjfhfC7ps/d0=",
			"requires": {
				"long": "~3"
			}
		},
		"cipher-base": {
			"version": "1.0.4",
			"resolved": "https://registry.npmjs.org/cipher-base/-/cipher-base-1.0.4.tgz",
			"integrity": "sha512-Kkht5ye6ZGmwv40uUDZztayT2ThLQGfnj/T71N/XzeZeo3nf8foyW7zGTsPYkEya3m5f3cAypH+qe7YOrM1U2Q==",
			"requires": {
				"inherits": "^2.0.1",
				"safe-buffer": "^5.0.1"
			}
		},
		"core-js": {
			"version": "2.5.7",
			"resolved": "https://registry.npmjs.org/core-js/-/core-js-2.5.7.tgz",
			"integrity": "sha512-RszJCAxg/PP6uzXVXL6BsxSXx/B05oJAQ2vkJRjyjrEcNVycaqOmNb5OTxZPE3xa5gwZduqza6L9JOCenh/Ecw=="
		},
		"create-hash": {
			"version": "1.2.0",
			"resolved": "http://registry.npmjs.org/create-hash/-/create-hash-1.2.0.tgz",
			"integrity": "sha512-z00bCGNHDG8mHAkP7CtT1qVu+bFQUPjYq/4Iv3C3kWjTFV10zIjfSoeqXo9Asws8gwSHDGj/hl2u4OGIjapeCg==",
			"requires": {
				"cipher-base": "^1.0.1",
				"inherits": "^2.0.1",
				"md5.js": "^1.3.4",
				"ripemd160": "^2.0.1",
				"sha.js": "^2.4.0"
			}
		},
		"create-hmac": {
			"version": "1.1.7",
			"resolved": "http://registry.npmjs.org/create-hmac/-/create-hmac-1.1.7.tgz",
			"integrity": "sha512-MJG9liiZ+ogc4TzUwuvbER1JRdgvUFSB5+VR/g5h82fGaIRWMWddtKBHi7/sVhfjQZ6SehlyhvQYrcYkaUIpLg==",
			"requires": {
				"cipher-base": "^1.0.3",
				"create-hash": "^1.1.0",
				"inherits": "^2.0.1",
				"ripemd160": "^2.0.0",
				"safe-buffer": "^5.0.1",
				"sha.js": "^2.4.8"
			}
		},
		"ecurve": {
			"version": "1.0.6",
			"resolved": "https://registry.npmjs.org/ecurve/-/ecurve-1.0.6.tgz",
			"integrity": "sha512-/BzEjNfiSuB7jIWKcS/z8FK9jNjmEWvUV2YZ4RLSmcDtP7Lq0m6FvDuSnJpBlDpGRpfRQeTLGLBI8H+kEv0r+w==",
			"requires": {
				"bigi": "^1.1.0",
				"safe-buffer": "^5.0.1"
			}
		},
		"eosjs": {
			"version": "20.0.0-beta1",
			"resolved": "https://registry.npmjs.org/eosjs/-/eosjs-20.0.0-beta1.tgz",
			"integrity": "sha512-ySoyct2kU/AvGiiBPcLE5BjQ3r27/xOJ3/eJfRv/RfPctopnI8eHzxL8bOpW7OwyrC0tveOrn0kF1AdLcVJVlw==",
			"requires": {
				"@types/jest": "^23.3.1",
				"babel-polyfill": "^6.26.0",
				"eosjs-ecc": "^4.0.1",
				"text-encoding": "^0.6.4"
			}
		},
		"eosjs-ecc": {
			"version": "4.0.4",
			"resolved": "https://registry.npmjs.org/eosjs-ecc/-/eosjs-ecc-4.0.4.tgz",
			"integrity": "sha512-9wAYefts4TidHOu+eN9nAisZdWpUzlUimZrB63oP7+/s4xRNJEn2Vvep2ICRODpxpidbshM1L7WaSYW9oiV5gA==",
			"requires": {
				"bigi": "^1.4.2",
				"browserify-aes": "^1.0.6",
				"bs58": "^4.0.1",
				"bytebuffer": "^5.0.1",
				"create-hash": "^1.1.3",
				"create-hmac": "^1.1.6",
				"ecurve": "^1.0.5",
				"randombytes": "^2.0.5"
			}
		},
		"evp_bytestokey": {
			"version": "1.0.3",
			"resolved": "https://registry.npmjs.org/evp_bytestokey/-/evp_bytestokey-1.0.3.tgz",
			"integrity": "sha512-/f2Go4TognH/KvCISP7OUsHn85hT9nUkxxA9BEWxFn+Oj9o8ZNLm/40hdlgSLyuOimsrTKLUMEorQexp/aPQeA==",
			"requires": {
				"md5.js": "^1.3.4",
				"safe-buffer": "^5.1.1"
			}
		},
		"hash-base": {
			"version": "3.0.4",
			"resolved": "https://registry.npmjs.org/hash-base/-/hash-base-3.0.4.tgz",
			"integrity": "sha1-X8hoaEfs1zSZQDMZprCj8/auSRg=",
			"requires": {
				"inherits": "^2.0.1",
				"safe-buffer": "^5.0.1"
			}
		},
		"inherits": {
			"version": "2.0.3",
			"resolved": "https://registry.npmjs.org/inherits/-/inherits-2.0.3.tgz",
			"integrity": "sha1-Yzwsg+PaQqUC9SRmAiSA9CCCYd4="
		},
		"long": {
			"version": "3.2.0",
			"resolved": "https://registry.npmjs.org/long/-/long-3.2.0.tgz",
			"integrity": "sha1-2CG3E4yhy1gcFymQ7xTbIAtcR0s="
		},
		"md5.js": {
			"version": "1.3.5",
			"resolved": "https://registry.npmjs.org/md5.js/-/md5.js-1.3.5.tgz",
			"integrity": "sha512-xitP+WxNPcTTOgnTJcrhM0xvdPepipPSf3I8EIpGKeFLjt3PlJLIDG3u8EX53ZIubkb+5U2+3rELYpEhHhzdkg==",
			"requires": {
				"hash-base": "^3.0.0",
				"inherits": "^2.0.1",
				"safe-buffer": "^5.1.2"
			}
		},
		"randombytes": {
			"version": "2.0.6",
			"resolved": "https://registry.npmjs.org/randombytes/-/randombytes-2.0.6.tgz",
			"integrity": "sha512-CIQ5OFxf4Jou6uOKe9t1AOgqpeU5fd70A8NPdHSGeYXqXsPe6peOwI0cUl88RWZ6sP1vPMV3avd/R6cZ5/sP1A==",
			"requires": {
				"safe-buffer": "^5.1.0"
			}
		},
		"regenerator-runtime": {
			"version": "0.10.5",
			"resolved": "https://registry.npmjs.org/regenerator-runtime/-/regenerator-runtime-0.10.5.tgz",
			"integrity": "sha1-M2w+/BIgrc7dosn6tntaeVWjNlg="
		},
		"ripemd160": {
			"version": "2.0.2",
			"resolved": "https://registry.npmjs.org/ripemd160/-/ripemd160-2.0.2.tgz",
			"integrity": "sha512-ii4iagi25WusVoiC4B4lq7pbXfAp3D9v5CwfkY33vffw2+pkDjY1D8GaN7spsxvCSx8dkPqOZCEZyfxcmJG2IA==",
			"requires": {
				"hash-base": "^3.0.0",
				"inherits": "^2.0.1"
			}
		},
		"safe-buffer": {
			"version": "5.1.2",
			"resolved": "https://registry.npmjs.org/safe-buffer/-/safe-buffer-5.1.2.tgz",
			"integrity": "sha512-Gd2UZBJDkXlY7GbJxfsE8/nvKkUEU1G38c1siN6QP6a9PT9MmHB8GnpscSmMJSoF8LOIrt8ud/wPtojys4G6+g=="
		},
		"sha.js": {
			"version": "2.4.11",
			"resolved": "http://registry.npmjs.org/sha.js/-/sha.js-2.4.11.tgz",
			"integrity": "sha512-QMEp5B7cftE7APOjk5Y6xgrbWu+WkLVQwk8JNjZ8nKRciZaByEW6MubieAiToS7+dwvrjGhH8jRXz3MVd0AYqQ==",
			"requires": {
				"inherits": "^2.0.1",
				"safe-buffer": "^5.0.1"
			}
		},
		"text-encoding": {
			"version": "0.6.4",
			"resolved": "http://registry.npmjs.org/text-encoding/-/text-encoding-0.6.4.tgz",
			"integrity": "sha1-45mpgiV6J22uQou5KEXLcb3CbRk="
		}
	}
}
